// !$*UTF8*$!
{
	archiveVersion = 1;
	classes = {
	};
	objectVersion = 56;
	objects = {

/* Begin PBXBuildFile section */
		E5071F252B563927000E1ADA /* AppDelegate.swift in Sources */ = {isa = PBXBuildFile; fileRef = E5071F242B563927000E1ADA /* AppDelegate.swift */; };
		E5071F272B563927000E1ADA /* SceneDelegate.swift in Sources */ = {isa = PBXBuildFile; fileRef = E5071F262B563927000E1ADA /* SceneDelegate.swift */; };
		E5071F292B563927000E1ADA /* ViewController.swift in Sources */ = {isa = PBXBuildFile; fileRef = E5071F282B563927000E1ADA /* ViewController.swift */; };
		E5071F2C2B563927000E1ADA /* Main.storyboard in Resources */ = {isa = PBXBuildFile; fileRef = E5071F2A2B563927000E1ADA /* Main.storyboard */; };
		E5071F2E2B563929000E1ADA /* Assets.xcassets in Resources */ = {isa = PBXBuildFile; fileRef = E5071F2D2B563929000E1ADA /* Assets.xcassets */; };
		E5071F312B563929000E1ADA /* LaunchScreen.storyboard in Resources */ = {isa = PBXBuildFile; fileRef = E5071F2F2B563929000E1ADA /* LaunchScreen.storyboard */; };
		E5071F3D2B563A33000E1ADA /* AppNavigationController.swift in Sources */ = {isa = PBXBuildFile; fileRef = E5071F3C2B563A33000E1ADA /* AppNavigationController.swift */; };
		E5071F3F2B563A6A000E1ADA /* AppViewController.swift in Sources */ = {isa = PBXBuildFile; fileRef = E5071F3E2B563A6A000E1ADA /* AppViewController.swift */; };
		E5071F432B563AB9000E1ADA /* FirstViewController.swift in Sources */ = {isa = PBXBuildFile; fileRef = E5071F422B563AB9000E1ADA /* FirstViewController.swift */; };
		E5071F452B563AE9000E1ADA /* FirstView.swift in Sources */ = {isa = PBXBuildFile; fileRef = E5071F442B563AE9000E1ADA /* FirstView.swift */; };
		E5071F472B563B2D000E1ADA /* FirstViewModel.swift in Sources */ = {isa = PBXBuildFile; fileRef = E5071F462B563B2C000E1ADA /* FirstViewModel.swift */; };
		E5071F492B56419A000E1ADA /* FirstViewRouter.swift in Sources */ = {isa = PBXBuildFile; fileRef = E5071F482B56419A000E1ADA /* FirstViewRouter.swift */; };
/* End PBXBuildFile section */

/* Begin PBXFileReference section */
		E5071F212B563927000E1ADA /* Sample-VIPER-Architecture.app */ = {isa = PBXFileReference; explicitFileType = wrapper.application; includeInIndex = 0; path = "Sample-VIPER-Architecture.app"; sourceTree = BUILT_PRODUCTS_DIR; };
		E5071F242B563927000E1ADA /* AppDelegate.swift */ = {isa = PBXFileReference; lastKnownFileType = sourcecode.swift; path = AppDelegate.swift; sourceTree = "<group>"; };
		E5071F262B563927000E1ADA /* SceneDelegate.swift */ = {isa = PBXFileReference; lastKnownFileType = sourcecode.swift; path = SceneDelegate.swift; sourceTree = "<group>"; };
		E5071F282B563927000E1ADA /* ViewController.swift */ = {isa = PBXFileReference; lastKnownFileType = sourcecode.swift; path = ViewController.swift; sourceTree = "<group>"; };
		E5071F2B2B563927000E1ADA /* Base */ = {isa = PBXFileReference; lastKnownFileType = file.storyboard; name = Base; path = Base.lproj/Main.storyboard; sourceTree = "<group>"; };
		E5071F2D2B563929000E1ADA /* Assets.xcassets */ = {isa = PBXFileReference; lastKnownFileType = folder.assetcatalog; path = Assets.xcassets; sourceTree = "<group>"; };
		E5071F302B563929000E1ADA /* Base */ = {isa = PBXFileReference; lastKnownFileType = file.storyboard; name = Base; path = Base.lproj/LaunchScreen.storyboard; sourceTree = "<group>"; };
		E5071F322B563929000E1ADA /* Info.plist */ = {isa = PBXFileReference; lastKnownFileType = text.plist.xml; path = Info.plist; sourceTree = "<group>"; };
		E5071F3C2B563A33000E1ADA /* AppNavigationController.swift */ = {isa = PBXFileReference; lastKnownFileType = sourcecode.swift; path = AppNavigationController.swift; sourceTree = "<group>"; };
		E5071F3E2B563A6A000E1ADA /* AppViewController.swift */ = {isa = PBXFileReference; lastKnownFileType = sourcecode.swift; path = AppViewController.swift; sourceTree = "<group>"; };
		E5071F422B563AB9000E1ADA /* FirstViewController.swift */ = {isa = PBXFileReference; lastKnownFileType = sourcecode.swift; path = FirstViewController.swift; sourceTree = "<group>"; };
		E5071F442B563AE9000E1ADA /* FirstView.swift */ = {isa = PBXFileReference; lastKnownFileType = sourcecode.swift; path = FirstView.swift; sourceTree = "<group>"; };
		E5071F462B563B2C000E1ADA /* FirstViewModel.swift */ = {isa = PBXFileReference; lastKnownFileType = sourcecode.swift; path = FirstViewModel.swift; sourceTree = "<group>"; };
		E5071F482B56419A000E1ADA /* FirstViewRouter.swift */ = {isa = PBXFileReference; lastKnownFileType = sourcecode.swift; path = FirstViewRouter.swift; sourceTree = "<group>"; };
/* End PBXFileReference section */

/* Begin PBXFrameworksBuildPhase section */
		E5071F1E2B563927000E1ADA /* Frameworks */ = {
			isa = PBXFrameworksBuildPhase;
			buildActionMask = 2147483647;
			files = (
			);
			runOnlyForDeploymentPostprocessing = 0;
		};
/* End PBXFrameworksBuildPhase section */

/* Begin PBXGroup section */
		E5071F182B563927000E1ADA = {
			isa = PBXGroup;
			children = (
				E5071F232B563927000E1ADA /* Sample-VIPER-Architecture */,
				E5071F222B563927000E1ADA /* Products */,
			);
			sourceTree = "<group>";
		};
		E5071F222B563927000E1ADA /* Products */ = {
			isa = PBXGroup;
			children = (
				E5071F212B563927000E1ADA /* Sample-VIPER-Architecture.app */,
			);
			name = Products;
			sourceTree = "<group>";
		};
		E5071F232B563927000E1ADA /* Sample-VIPER-Architecture */ = {
			isa = PBXGroup;
			children = (
				E5071F382B563947000E1ADA /* Classes */,
				E5071F2A2B563927000E1ADA /* Main.storyboard */,
				E5071F2D2B563929000E1ADA /* Assets.xcassets */,
				E5071F2F2B563929000E1ADA /* LaunchScreen.storyboard */,
				E5071F322B563929000E1ADA /* Info.plist */,
			);
			path = "Sample-VIPER-Architecture";
			sourceTree = "<group>";
		};
		E5071F382B563947000E1ADA /* Classes */ = {
			isa = PBXGroup;
			children = (
				E5071F242B563927000E1ADA /* AppDelegate.swift */,
				E5071F392B5639C5000E1ADA /* Entity */,
				E5071F3A2B5639CC000E1ADA /* Interactor */,
				E5071F262B563927000E1ADA /* SceneDelegate.swift */,
				E5071F3B2B5639FA000E1ADA /* View */,
				E5071F282B563927000E1ADA /* ViewController.swift */,
			);
			path = Classes;
			sourceTree = "<group>";
		};
		E5071F392B5639C5000E1ADA /* Entity */ = {
			isa = PBXGroup;
			children = (
			);
			path = Entity;
			sourceTree = "<group>";
		};
		E5071F3A2B5639CC000E1ADA /* Interactor */ = {
			isa = PBXGroup;
			children = (
			);
			path = Interactor;
			sourceTree = "<group>";
		};
		E5071F3B2B5639FA000E1ADA /* View */ = {
			isa = PBXGroup;
			children = (
				E5071F412B563AA2000E1ADA /* FirstView */,
				E5071F402B563A98000E1ADA /* Common */,
			);
			path = View;
			sourceTree = "<group>";
		};
		E5071F402B563A98000E1ADA /* Common */ = {
			isa = PBXGroup;
			children = (
				E5071F3C2B563A33000E1ADA /* AppNavigationController.swift */,
				E5071F3E2B563A6A000E1ADA /* AppViewController.swift */,
			);
			path = Common;
			sourceTree = "<group>";
		};
		E5071F412B563AA2000E1ADA /* FirstView */ = {
			isa = PBXGroup;
			children = (
				E5071F422B563AB9000E1ADA /* FirstViewController.swift */,
				E5071F442B563AE9000E1ADA /* FirstView.swift */,
				E5071F462B563B2C000E1ADA /* FirstViewModel.swift */,
				E5071F482B56419A000E1ADA /* FirstViewRouter.swift */,
			);
			path = FirstView;
			sourceTree = "<group>";
		};
/* End PBXGroup section */

/* Begin PBXNativeTarget section */
		E5071F202B563927000E1ADA /* Sample-VIPER-Architecture */ = {
			isa = PBXNativeTarget;
			buildConfigurationList = E5071F352B563929000E1ADA /* Build configuration list for PBXNativeTarget "Sample-VIPER-Architecture" */;
			buildPhases = (
				E5071F1D2B563927000E1ADA /* Sources */,
				E5071F1E2B563927000E1ADA /* Frameworks */,
				E5071F1F2B563927000E1ADA /* Resources */,
			);
			buildRules = (
			);
			dependencies = (
			);
			name = "Sample-VIPER-Architecture";
			productName = "Sample-VIPER-Architecture";
			productReference = E5071F212B563927000E1ADA /* Sample-VIPER-Architecture.app */;
			productType = "com.apple.product-type.application";
		};
/* End PBXNativeTarget section */

/* Begin PBXProject section */
		E5071F192B563927000E1ADA /* Project object */ = {
			isa = PBXProject;
			attributes = {
				BuildIndependentTargetsInParallel = 1;
				LastSwiftUpdateCheck = 1510;
				LastUpgradeCheck = 1510;
				TargetAttributes = {
					E5071F202B563927000E1ADA = {
						CreatedOnToolsVersion = 15.1;
					};
				};
			};
			buildConfigurationList = E5071F1C2B563927000E1ADA /* Build configuration list for PBXProject "Sample-VIPER-Architecture" */;
			compatibilityVersion = "Xcode 14.0";
			developmentRegion = en;
			hasScannedForEncodings = 0;
			knownRegions = (
				en,
				Base,
			);
			mainGroup = E5071F182B563927000E1ADA;
			productRefGroup = E5071F222B563927000E1ADA /* Products */;
			projectDirPath = "";
			projectRoot = "";
			targets = (
				E5071F202B563927000E1ADA /* Sample-VIPER-Architecture */,
			);
		};
/* End PBXProject section */

/* Begin PBXResourcesBuildPhase section */
		E5071F1F2B563927000E1ADA /* Resources */ = {
			isa = PBXResourcesBuildPhase;
			buildActionMask = 2147483647;
			files = (
				E5071F312B563929000E1ADA /* LaunchScreen.storyboard in Resources */,
				E5071F2E2B563929000E1ADA /* Assets.xcassets in Resources */,
				E5071F2C2B563927000E1ADA /* Main.storyboard in Resources */,
			);
			runOnlyForDeploymentPostprocessing = 0;
		};
/* End PBXResourcesBuildPhase section */

/* Begin PBXSourcesBuildPhase section */
		E5071F1D2B563927000E1ADA /* Sources */ = {
			isa = PBXSourcesBuildPhase;
			buildActionMask = 2147483647;
			files = (
				E5071F452B563AE9000E1ADA /* FirstView.swift in Sources */,
				E5071F3F2B563A6A000E1ADA /* AppViewController.swift in Sources */,
				E5071F292B563927000E1ADA /* ViewController.swift in Sources */,
				E5071F492B56419A000E1ADA /* FirstViewRouter.swift in Sources */,
				E5071F472B563B2D000E1ADA /* FirstViewModel.swift in Sources */,
				E5071F3D2B563A33000E1ADA /* AppNavigationController.swift in Sources */,
				E5071F432B563AB9000E1ADA /* FirstViewController.swift in Sources */,
				E5071F252B563927000E1ADA /* AppDelegate.swift in Sources */,
				E5071F272B563927000E1ADA /* SceneDelegate.swift in Sources */,
			);
			runOnlyForDeploymentPostprocessing = 0;
		};
/* End PBXSourcesBuildPhase section */

/* Begin PBXVariantGroup section */
		E5071F2A2B563927000E1ADA /* Main.storyboard */ = {
			isa = PBXVariantGroup;
			children = (
				E5071F2B2B563927000E1ADA /* Base */,
			);
			name = Main.storyboard;
			sourceTree = "<group>";
		};
		E5071F2F2B563929000E1ADA /* LaunchScreen.storyboard */ = {
			isa = PBXVariantGroup;
			children = (
				E5071F302B563929000E1ADA /* Base */,
			);
			name = LaunchScreen.storyboard;
			sourceTree = "<group>";
		};
/* End PBXVariantGroup section */

/* Begin XCBuildConfiguration section */
		E5071F332B563929000E1ADA /* Debug */ = {
			isa = XCBuildConfiguration;
			buildSettings = {
				ALWAYS_SEARCH_USER_PATHS = NO;
				ASSETCATALOG_COMPILER_GENERATE_SWIFT_ASSET_SYMBOL_EXTENSIONS = YES;
				CLANG_ANALYZER_NONNULL = YES;
				CLANG_ANALYZER_NUMBER_OBJECT_CONVERSION = YES_AGGRESSIVE;
				CLANG_CXX_LANGUAGE_STANDARD = "gnu++20";
				CLANG_ENABLE_MODULES = YES;
				CLANG_ENABLE_OBJC_ARC = YES;
				CLANG_ENABLE_OBJC_WEAK = YES;
				CLANG_WARN_BLOCK_CAPTURE_AUTORELEASING = YES;
				CLANG_WARN_BOOL_CONVERSION = YES;
				CLANG_WARN_COMMA = YES;
				CLANG_WARN_CONSTANT_CONVERSION = YES;
				CLANG_WARN_DEPRECATED_OBJC_IMPLEMENTATIONS = YES;
				CLANG_WARN_DIRECT_OBJC_ISA_USAGE = YES_ERROR;
				CLANG_WARN_DOCUMENTATION_COMMENTS = YES;
				CLANG_WARN_EMPTY_BODY = YES;
				CLANG_WARN_ENUM_CONVERSION = YES;
				CLANG_WARN_INFINITE_RECURSION = YES;
				CLANG_WARN_INT_CONVERSION = YES;
				CLANG_WARN_NON_LITERAL_NULL_CONVERSION = YES;
				CLANG_WARN_OBJC_IMPLICIT_RETAIN_SELF = YES;
				CLANG_WARN_OBJC_LITERAL_CONVERSION = YES;
				CLANG_WARN_OBJC_ROOT_CLASS = YES_ERROR;
				CLANG_WARN_QUOTED_INCLUDE_IN_FRAMEWORK_HEADER = YES;
				CLANG_WARN_RANGE_LOOP_ANALYSIS = YES;
				CLANG_WARN_STRICT_PROTOTYPES = YES;
				CLANG_WARN_SUSPICIOUS_MOVE = YES;
				CLANG_WARN_UNGUARDED_AVAILABILITY = YES_AGGRESSIVE;
				CLANG_WARN_UNREACHABLE_CODE = YES;
				CLANG_WARN__DUPLICATE_METHOD_MATCH = YES;
				COPY_PHASE_STRIP = NO;
				DEBUG_INFORMATION_FORMAT = dwarf;
				ENABLE_STRICT_OBJC_MSGSEND = YES;
				ENABLE_TESTABILITY = YES;
				ENABLE_USER_SCRIPT_SANDBOXING = YES;
				GCC_C_LANGUAGE_STANDARD = gnu17;
				GCC_DYNAMIC_NO_PIC = NO;
				GCC_NO_COMMON_BLOCKS = YES;
				GCC_OPTIMIZATION_LEVEL = 0;
				GCC_PREPROCESSOR_DEFINITIONS = (
					"DEBUG=1",
					"$(inherited)",
				);
				GCC_WARN_64_TO_32_BIT_CONVERSION = YES;
				GCC_WARN_ABOUT_RETURN_TYPE = YES_ERROR;
				GCC_WARN_UNDECLARED_SELECTOR = YES;
				GCC_WARN_UNINITIALIZED_AUTOS = YES_AGGRESSIVE;
				GCC_WARN_UNUSED_FUNCTION = YES;
				GCC_WARN_UNUSED_VARIABLE = YES;
				IPHONEOS_DEPLOYMENT_TARGET = 17.2;
				LOCALIZATION_PREFERS_STRING_CATALOGS = YES;
				MTL_ENABLE_DEBUG_INFO = INCLUDE_SOURCE;
				MTL_FAST_MATH = YES;
				ONLY_ACTIVE_ARCH = YES;
				SDKROOT = iphoneos;
				SWIFT_ACTIVE_COMPILATION_CONDITIONS = "DEBUG $(inherited)";
				SWIFT_OPTIMIZATION_LEVEL = "-Onone";
			};
			name = Debug;
		};
		E5071F342B563929000E1ADA /* Release */ = {
			isa = XCBuildConfiguration;
			buildSettings = {
				ALWAYS_SEARCH_USER_PATHS = NO;
				ASSETCATALOG_COMPILER_GENERATE_SWIFT_ASSET_SYMBOL_EXTENSIONS = YES;
				CLANG_ANALYZER_NONNULL = YES;
				CLANG_ANALYZER_NUMBER_OBJECT_CONVERSION = YES_AGGRESSIVE;
				CLANG_CXX_LANGUAGE_STANDARD = "gnu++20";
				CLANG_ENABLE_MODULES = YES;
				CLANG_ENABLE_OBJC_ARC = YES;
				CLANG_ENABLE_OBJC_WEAK = YES;
				CLANG_WARN_BLOCK_CAPTURE_AUTORELEASING = YES;
				CLANG_WARN_BOOL_CONVERSION = YES;
				CLANG_WARN_COMMA = YES;
				CLANG_WARN_CONSTANT_CONVERSION = YES;
				CLANG_WARN_DEPRECATED_OBJC_IMPLEMENTATIONS = YES;
				CLANG_WARN_DIRECT_OBJC_ISA_USAGE = YES_ERROR;
				CLANG_WARN_DOCUMENTATION_COMMENTS = YES;
				CLANG_WARN_EMPTY_BODY = YES;
				CLANG_WARN_ENUM_CONVERSION = YES;
				CLANG_WARN_INFINITE_RECURSION = YES;
				CLANG_WARN_INT_CONVERSION = YES;
				CLANG_WARN_NON_LITERAL_NULL_CONVERSION = YES;
				CLANG_WARN_OBJC_IMPLICIT_RETAIN_SELF = YES;
				CLANG_WARN_OBJC_LITERAL_CONVERSION = YES;
				CLANG_WARN_OBJC_ROOT_CLASS = YES_ERROR;
				CLANG_WARN_QUOTED_INCLUDE_IN_FRAMEWORK_HEADER = YES;
				CLANG_WARN_RANGE_LOOP_ANALYSIS = YES;
				CLANG_WARN_STRICT_PROTOTYPES = YES;
				CLANG_WARN_SUSPICIOUS_MOVE = YES;
				CLANG_WARN_UNGUARDED_AVAILABILITY = YES_AGGRESSIVE;
				CLANG_WARN_UNREACHABLE_CODE = YES;
				CLANG_WARN__DUPLICATE_METHOD_MATCH = YES;
				COPY_PHASE_STRIP = NO;
				DEBUG_INFORMATION_FORMAT = "dwarf-with-dsym";
				ENABLE_NS_ASSERTIONS = NO;
				ENABLE_STRICT_OBJC_MSGSEND = YES;
				ENABLE_USER_SCRIPT_SANDBOXING = YES;
				GCC_C_LANGUAGE_STANDARD = gnu17;
				GCC_NO_COMMON_BLOCKS = YES;
				GCC_WARN_64_TO_32_BIT_CONVERSION = YES;
				GCC_WARN_ABOUT_RETURN_TYPE = YES_ERROR;
				GCC_WARN_UNDECLARED_SELECTOR = YES;
				GCC_WARN_UNINITIALIZED_AUTOS = YES_AGGRESSIVE;
				GCC_WARN_UNUSED_FUNCTION = YES;
				GCC_WARN_UNUSED_VARIABLE = YES;
				IPHONEOS_DEPLOYMENT_TARGET = 17.2;
				LOCALIZATION_PREFERS_STRING_CATALOGS = YES;
				MTL_ENABLE_DEBUG_INFO = NO;
				MTL_FAST_MATH = YES;
				SDKROOT = iphoneos;
				SWIFT_COMPILATION_MODE = wholemodule;
				VALIDATE_PRODUCT = YES;
			};
			name = Release;
		};
		E5071F362B563929000E1ADA /* Debug */ = {
			isa = XCBuildConfiguration;
			buildSettings = {
				ASSETCATALOG_COMPILER_APPICON_NAME = AppIcon;
				ASSETCATALOG_COMPILER_GLOBAL_ACCENT_COLOR_NAME = AccentColor;
				CODE_SIGN_STYLE = Automatic;
				CURRENT_PROJECT_VERSION = 1;
				DEVELOPMENT_TEAM = 86W5YV4A4X;
				GENERATE_INFOPLIST_FILE = YES;
				INFOPLIST_FILE = "Sample-VIPER-Architecture/Info.plist";
				INFOPLIST_KEY_UIApplicationSupportsIndirectInputEvents = YES;
				INFOPLIST_KEY_UILaunchStoryboardName = LaunchScreen;
				INFOPLIST_KEY_UIMainStoryboardFile = Main;
				INFOPLIST_KEY_UISupportedInterfaceOrientations_iPad = "UIInterfaceOrientationPortrait UIInterfaceOrientationPortraitUpsideDown UIInterfaceOrientationLandscapeLeft UIInterfaceOrientationLandscapeRight";
				INFOPLIST_KEY_UISupportedInterfaceOrientations_iPhone = "UIInterfaceOrientationPortrait UIInterfaceOrientationLandscapeLeft UIInterfaceOrientationLandscapeRight";
				IPHONEOS_DEPLOYMENT_TARGET = 16.0;
				LD_RUNPATH_SEARCH_PATHS = (
					"$(inherited)",
					"@executable_path/Frameworks",
				);
				MARKETING_VERSION = 1.0;
				PRODUCT_BUNDLE_IDENTIFIER = "com.k28.ios.Sample-VIPER-Architecture";
				PRODUCT_NAME = "$(TARGET_NAME)";
				SWIFT_EMIT_LOC_STRINGS = YES;
				SWIFT_VERSION = 5.0;
				TARGETED_DEVICE_FAMILY = "1,2";
			};
			name = Debug;
		};
		E5071F372B563929000E1ADA /* Release */ = {
			isa = XCBuildConfiguration;
			buildSettings = {
				ASSETCATALOG_COMPILER_APPICON_NAME = AppIcon;
				ASSETCATALOG_COMPILER_GLOBAL_ACCENT_COLOR_NAME = AccentColor;
				CODE_SIGN_STYLE = Automatic;
				CURRENT_PROJECT_VERSION = 1;
				DEVELOPMENT_TEAM = 86W5YV4A4X;
				GENERATE_INFOPLIST_FILE = YES;
				INFOPLIST_FILE = "Sample-VIPER-Architecture/Info.plist";
				INFOPLIST_KEY_UIApplicationSupportsIndirectInputEvents = YES;
				INFOPLIST_KEY_UILaunchStoryboardName = LaunchScreen;
				INFOPLIST_KEY_UIMainStoryboardFile = Main;
				INFOPLIST_KEY_UISupportedInterfaceOrientations_iPad = "UIInterfaceOrientationPortrait UIInterfaceOrientationPortraitUpsideDown UIInterfaceOrientationLandscapeLeft UIInterfaceOrientationLandscapeRight";
				INFOPLIST_KEY_UISupportedInterfaceOrientations_iPhone = "UIInterfaceOrientationPortrait UIInterfaceOrientationLandscapeLeft UIInterfaceOrientationLandscapeRight";
				IPHONEOS_DEPLOYMENT_TARGET = 16.0;
				LD_RUNPATH_SEARCH_PATHS = (
					"$(inherited)",
					"@executable_path/Frameworks",
				);
				MARKETING_VERSION = 1.0;
				PRODUCT_BUNDLE_IDENTIFIER = "com.k28.ios.Sample-VIPER-Architecture";
				PRODUCT_NAME = "$(TARGET_NAME)";
				SWIFT_EMIT_LOC_STRINGS = YES;
				SWIFT_VERSION = 5.0;
				TARGETED_DEVICE_FAMILY = "1,2";
			};
			name = Release;
		};
/* End XCBuildConfiguration section */

/* Begin XCConfigurationList section */
		E5071F1C2B563927000E1ADA /* Build configuration list for PBXProject "Sample-VIPER-Architecture" */ = {
			isa = XCConfigurationList;
			buildConfigurations = (
				E5071F332B563929000E1ADA /* Debug */,
				E5071F342B563929000E1ADA /* Release */,
			);
			defaultConfigurationIsVisible = 0;
			defaultConfigurationName = Release;
		};
		E5071F352B563929000E1ADA /* Build configuration list for PBXNativeTarget "Sample-VIPER-Architecture" */ = {
			isa = XCConfigurationList;
			buildConfigurations = (
				E5071F362B563929000E1ADA /* Debug */,
				E5071F372B563929000E1ADA /* Release */,
			);
			defaultConfigurationIsVisible = 0;
			defaultConfigurationName = Release;
		};
/* End XCConfigurationList section */
	};
	rootObject = E5071F192B563927000E1ADA /* Project object */;
}
